
Microsoft Visual Studio Solution File, Format Version 12.00
# Visual Studio Version 17
VisualStudioVersion = 17.8.34330.188
MinimumVisualStudioVersion = 10.0.40219.1
Project("{FAE04EC0-301F-11D3-BF4B-00C04F79EFBC}") = "demoa1", "demoa1\demoa1.csproj", "{FD52A09A-4147-4382-B063-821381A9DB1E}"
EndProject
Global
	GlobalSection(SolutionConfigurationPlatforms) = preSolution
		Debug|Any CPU = Debug|Any CPU
		Release|Any CPU = Release|Any CPU
	EndGlobalSection
	GlobalSection(ProjectConfigurationPlatforms) = postSolution
		{FD52A09A-4147-4382-B063-821381A9DB1E}.Debug|Any CPU.ActiveCfg = Debug|Any CPU
		{FD52A09A-4147-4382-B063-821381A9DB1E}.Debug|Any CPU.Build.0 = Debug|Any CPU
		{FD52A09A-4147-4382-B063-821381A9DB1E}.Release|Any CPU.ActiveCfg = Release|Any CPU
		{FD52A09A-4147-4382-B063-821381A9DB1E}.Release|Any CPU.Build.0 = Release|Any CPU
	EndGlobalSection
	GlobalSection(SolutionProperties) = preSolution
		HideSolutionNode = FALSE
	EndGlobalSection
	GlobalSection(ExtensibilityGlobals) = postSolution
		SolutionGuid = {88DFD865-D86C-49C0-AE83-384C266BD431}
	EndGlobalSection
EndGlobal
